
Microsoft Visual Studio Solution File, Format Version 12.00
# Visual Studio Version 17
VisualStudioVersion = 17.14.36518.9 d17.14
MinimumVisualStudioVersion = 10.0.40219.1
Project("{FAE04EC0-301F-11D3-BF4B-00C04F79EFBC}") = "ChatServer", "ChatServer.csproj", "{D64AEB0B-839B-4362-BD4B-7F0223D31770}"
EndProject
Project("{FAE04EC0-301F-11D3-BF4B-00C04F79EFBC}") = "ChatSocket", "..\ChatSocket\ChatSocket.csproj", "{E21D4E84-0D1F-45B2-87F0-8786790F3CFC}"
EndProject
Global
	GlobalSection(SolutionConfigurationPlatforms) = preSolution
		Debug|Any CPU = Debug|Any CPU
		Release|Any CPU = Release|Any CPU
	EndGlobalSection
	GlobalSection(ProjectConfigurationPlatforms) = postSolution
		{D64AEB0B-839B-4362-BD4B-7F0223D31770}.Debug|Any CPU.ActiveCfg = Debug|Any CPU
		{D64AEB0B-839B-4362-BD4B-7F0223D31770}.Debug|Any CPU.Build.0 = Debug|Any CPU
		{D64AEB0B-839B-4362-BD4B-7F0223D31770}.Release|Any CPU.ActiveCfg = Release|Any CPU
		{D64AEB0B-839B-4362-BD4B-7F0223D31770}.Release|Any CPU.Build.0 = Release|Any CPU
		{E21D4E84-0D1F-45B2-87F0-8786790F3CFC}.Debug|Any CPU.ActiveCfg = Debug|Any CPU
		{E21D4E84-0D1F-45B2-87F0-8786790F3CFC}.Debug|Any CPU.Build.0 = Debug|Any CPU
		{E21D4E84-0D1F-45B2-87F0-8786790F3CFC}.Release|Any CPU.ActiveCfg = Release|Any CPU
		{E21D4E84-0D1F-45B2-87F0-8786790F3CFC}.Release|Any CPU.Build.0 = Release|Any CPU
	EndGlobalSection
	GlobalSection(SolutionProperties) = preSolution
		HideSolutionNode = FALSE
	EndGlobalSection
	GlobalSection(ExtensibilityGlobals) = postSolution
		SolutionGuid = {BAC1CA0D-BAB2-4360-A00F-F084220E9698}
	EndGlobalSection
EndGlobal
